
Microsoft Visual Studio Solution File, Format Version 12.00
# Visual Studio Version 16
VisualStudioVersion = 16.0.29613.14
MinimumVisualStudioVersion = 10.0.40219.1
Project("{FAE04EC0-301F-11D3-BF4B-00C04F79EFBC}") = "Barcode", "Barcode\Barcode.csproj", "{BF8C77AE-6B48-4EC0-94D3-7020D49138DF}"
EndProject
Global
	GlobalSection(SolutionConfigurationPlatforms) = preSolution
		Debug|Any CPU = Debug|Any CPU
		Release|Any CPU = Release|Any CPU
	EndGlobalSection
	GlobalSection(ProjectConfigurationPlatforms) = postSolution
		{BF8C77AE-6B48-4EC0-94D3-7020D49138DF}.Debug|Any CPU.ActiveCfg = Debug|Any CPU
		{BF8C77AE-6B48-4EC0-94D3-7020D49138DF}.Debug|Any CPU.Build.0 = Debug|Any CPU
		{BF8C77AE-6B48-4EC0-94D3-7020D49138DF}.Release|Any CPU.ActiveCfg = Release|Any CPU
		{BF8C77AE-6B48-4EC0-94D3-7020D49138DF}.Release|Any CPU.Build.0 = Release|Any CPU
	EndGlobalSection
	GlobalSection(SolutionProperties) = preSolution
		HideSolutionNode = FALSE
	EndGlobalSection
	GlobalSection(ExtensibilityGlobals) = postSolution
		SolutionGuid = {81B2D359-1A14-4847-B544-00C0F40D2E1A}
	EndGlobalSection
EndGlobal
